// !$*UTF8*$!
{
	archiveVersion = 1;
	classes = {
	};
	objectVersion = 56;
	objects = {

/* Begin PBXBuildFile section */
		5800CE1A2C1BCCE100A71D6F /* ComposableArchitecture in Frameworks */ = {isa = PBXBuildFile; productRef = 5800CE192C1BCCE100A71D6F /* ComposableArchitecture */; };
		5800CE242C1BCFBD00A71D6F /* DanDRemote.swift in Sources */ = {isa = PBXBuildFile; fileRef = 5800CE232C1BCFBD00A71D6F /* DanDRemote.swift */; };
		6D604D9E2C18C34400E93C60 /* Reel.swift in Sources */ = {isa = PBXBuildFile; fileRef = 6D604D9D2C18C34400E93C60 /* Reel.swift */; };
		6D604DA62C18C4C500E93C60 /* Like.swift in Sources */ = {isa = PBXBuildFile; fileRef = 6D604DA52C18C4C500E93C60 /* Like.swift */; };
		6D604DA92C18C59500E93C60 /* Home.swift in Sources */ = {isa = PBXBuildFile; fileRef = 6D604DA82C18C59500E93C60 /* Home.swift */; };
		6D604DAB2C18C7EE00E93C60 /* ReelView.swift in Sources */ = {isa = PBXBuildFile; fileRef = 6D604DAA2C18C7EE00E93C60 /* ReelView.swift */; };
		6D604DAD2C18C83F00E93C60 /* CustomVideoPlayer.swift in Sources */ = {isa = PBXBuildFile; fileRef = 6D604DAC2C18C83F00E93C60 /* CustomVideoPlayer.swift */; };
		6D604DB12C18D46600E93C60 /* OffsetKey.swift in Sources */ = {isa = PBXBuildFile; fileRef = 6D604DB02C18D46600E93C60 /* OffsetKey.swift */; };
		6D604DB22C18D80800E93C60 /* reel1.mp4 in Resources */ = {isa = PBXBuildFile; fileRef = 6D604DA12C18C46100E93C60 /* reel1.mp4 */; };
		6D604DB32C18D80800E93C60 /* reel2.mp4 in Resources */ = {isa = PBXBuildFile; fileRef = 6D604DA42C18C46100E93C60 /* reel2.mp4 */; };
		6D604DB42C18D80800E93C60 /* reel3.mp4 in Resources */ = {isa = PBXBuildFile; fileRef = 6D604DA22C18C46100E93C60 /* reel3.mp4 */; };
		6D604DB52C18D80800E93C60 /* reel4.mp4 in Resources */ = {isa = PBXBuildFile; fileRef = 6D604DA32C18C46100E93C60 /* reel4.mp4 */; };
		6D604DB62C18D80800E93C60 /* reel5.mp4 in Resources */ = {isa = PBXBuildFile; fileRef = 6D604DA02C18C46100E93C60 /* reel5.mp4 */; };
		6D9965C12C1C5E0D009F2DB0 /* VideoDiaryRepository.swift in Sources */ = {isa = PBXBuildFile; fileRef = 6D9965C02C1C5E0D009F2DB0 /* VideoDiaryRepository.swift */; };
		6D9965C42C1C6041009F2DB0 /* VideoDiaryAPI.swift in Sources */ = {isa = PBXBuildFile; fileRef = 6D9965C32C1C6041009F2DB0 /* VideoDiaryAPI.swift */; };
		6D9965C62C1C615B009F2DB0 /* VideoDiaryRemote.swift in Sources */ = {isa = PBXBuildFile; fileRef = 6D9965C52C1C615B009F2DB0 /* VideoDiaryRemote.swift */; };
		6D9965C92C1C61BF009F2DB0 /* VideoDiaryRepositoryImpl.swift in Sources */ = {isa = PBXBuildFile; fileRef = 6D9965C82C1C61BF009F2DB0 /* VideoDiaryRepositoryImpl.swift */; };
		6D9965CC2C1C622C009F2DB0 /* DanDDataSource.swift in Sources */ = {isa = PBXBuildFile; fileRef = 6D9965CB2C1C622C009F2DB0 /* DanDDataSource.swift */; };
		6D9965CE2C1C6261009F2DB0 /* VideoDiaryDataSource.swift in Sources */ = {isa = PBXBuildFile; fileRef = 6D9965CD2C1C6261009F2DB0 /* VideoDiaryDataSource.swift */; };
		EFD8AD4A2ACCEACA00110388 /* DandleApp.swift in Sources */ = {isa = PBXBuildFile; fileRef = EFD8AD492ACCEACA00110388 /* DandleApp.swift */; };
		EFD8AD4C2ACCEACA00110388 /* ContentView.swift in Sources */ = {isa = PBXBuildFile; fileRef = EFD8AD4B2ACCEACA00110388 /* ContentView.swift */; };
		EFD8AD4E2ACCEACB00110388 /* Assets.xcassets in Resources */ = {isa = PBXBuildFile; fileRef = EFD8AD4D2ACCEACB00110388 /* Assets.xcassets */; };
		EFD8AD512ACCEACB00110388 /* Preview Assets.xcassets in Resources */ = {isa = PBXBuildFile; fileRef = EFD8AD502ACCEACB00110388 /* Preview Assets.xcassets */; };
		EFD8AD5B2ACCEACB00110388 /* DandleTests.swift in Sources */ = {isa = PBXBuildFile; fileRef = EFD8AD5A2ACCEACB00110388 /* DandleTests.swift */; };
		EFD8AD652ACCEACB00110388 /* DandleUITests.swift in Sources */ = {isa = PBXBuildFile; fileRef = EFD8AD642ACCEACB00110388 /* DandleUITests.swift */; };
		EFD8AD672ACCEACB00110388 /* DandleUITestsLaunchTests.swift in Sources */ = {isa = PBXBuildFile; fileRef = EFD8AD662ACCEACB00110388 /* DandleUITestsLaunchTests.swift */; };
/* End PBXBuildFile section */

/* Begin PBXContainerItemProxy section */
		EFD8AD572ACCEACB00110388 /* PBXContainerItemProxy */ = {
			isa = PBXContainerItemProxy;
			containerPortal = EFD8AD3E2ACCEACA00110388 /* Project object */;
			proxyType = 1;
			remoteGlobalIDString = EFD8AD452ACCEACA00110388;
			remoteInfo = Dandle;
		};
		EFD8AD612ACCEACB00110388 /* PBXContainerItemProxy */ = {
			isa = PBXContainerItemProxy;
			containerPortal = EFD8AD3E2ACCEACA00110388 /* Project object */;
			proxyType = 1;
			remoteGlobalIDString = EFD8AD452ACCEACA00110388;
			remoteInfo = Dandle;
		};
/* End PBXContainerItemProxy section */

/* Begin PBXFileReference section */
		5800CE232C1BCFBD00A71D6F /* DanDRemote.swift */ = {isa = PBXFileReference; lastKnownFileType = sourcecode.swift; path = DanDRemote.swift; sourceTree = "<group>"; };
		6D604D9D2C18C34400E93C60 /* Reel.swift */ = {isa = PBXFileReference; lastKnownFileType = sourcecode.swift; path = Reel.swift; sourceTree = "<group>"; };
		6D604DA02C18C46100E93C60 /* reel5.mp4 */ = {isa = PBXFileReference; lastKnownFileType = file; name = reel5.mp4; path = ../../../../Downloads/reel5.mp4; sourceTree = "<group>"; };
		6D604DA12C18C46100E93C60 /* reel1.mp4 */ = {isa = PBXFileReference; lastKnownFileType = file; name = reel1.mp4; path = ../../../../Downloads/reel1.mp4; sourceTree = "<group>"; };
		6D604DA22C18C46100E93C60 /* reel3.mp4 */ = {isa = PBXFileReference; lastKnownFileType = file; name = reel3.mp4; path = ../../../../Downloads/reel3.mp4; sourceTree = "<group>"; };
		6D604DA32C18C46100E93C60 /* reel4.mp4 */ = {isa = PBXFileReference; lastKnownFileType = file; name = reel4.mp4; path = ../../../../Downloads/reel4.mp4; sourceTree = "<group>"; };
		6D604DA42C18C46100E93C60 /* reel2.mp4 */ = {isa = PBXFileReference; lastKnownFileType = file; name = reel2.mp4; path = ../../../../Downloads/reel2.mp4; sourceTree = "<group>"; };
		6D604DA52C18C4C500E93C60 /* Like.swift */ = {isa = PBXFileReference; lastKnownFileType = sourcecode.swift; path = Like.swift; sourceTree = "<group>"; };
		6D604DA82C18C59500E93C60 /* Home.swift */ = {isa = PBXFileReference; lastKnownFileType = sourcecode.swift; path = Home.swift; sourceTree = "<group>"; };
		6D604DAA2C18C7EE00E93C60 /* ReelView.swift */ = {isa = PBXFileReference; lastKnownFileType = sourcecode.swift; path = ReelView.swift; sourceTree = "<group>"; };
		6D604DAC2C18C83F00E93C60 /* CustomVideoPlayer.swift */ = {isa = PBXFileReference; lastKnownFileType = sourcecode.swift; path = CustomVideoPlayer.swift; sourceTree = "<group>"; };
		6D604DAE2C18CB8500E93C60 /* Info.plist */ = {isa = PBXFileReference; lastKnownFileType = text.plist.xml; path = Info.plist; sourceTree = "<group>"; };
		6D604DB02C18D46600E93C60 /* OffsetKey.swift */ = {isa = PBXFileReference; lastKnownFileType = sourcecode.swift; path = OffsetKey.swift; sourceTree = "<group>"; };
		6D9965C02C1C5E0D009F2DB0 /* VideoDiaryRepository.swift */ = {isa = PBXFileReference; lastKnownFileType = sourcecode.swift; path = VideoDiaryRepository.swift; sourceTree = "<group>"; };
		6D9965C32C1C6041009F2DB0 /* VideoDiaryAPI.swift */ = {isa = PBXFileReference; lastKnownFileType = sourcecode.swift; path = VideoDiaryAPI.swift; sourceTree = "<group>"; };
		6D9965C52C1C615B009F2DB0 /* VideoDiaryRemote.swift */ = {isa = PBXFileReference; lastKnownFileType = sourcecode.swift; path = VideoDiaryRemote.swift; sourceTree = "<group>"; };
		6D9965C82C1C61BF009F2DB0 /* VideoDiaryRepositoryImpl.swift */ = {isa = PBXFileReference; lastKnownFileType = sourcecode.swift; path = VideoDiaryRepositoryImpl.swift; sourceTree = "<group>"; };
		6D9965CB2C1C622C009F2DB0 /* DanDDataSource.swift */ = {isa = PBXFileReference; lastKnownFileType = sourcecode.swift; path = DanDDataSource.swift; sourceTree = "<group>"; };
		6D9965CD2C1C6261009F2DB0 /* VideoDiaryDataSource.swift */ = {isa = PBXFileReference; lastKnownFileType = sourcecode.swift; path = VideoDiaryDataSource.swift; sourceTree = "<group>"; };
		EFD8AD462ACCEACA00110388 /* Dandle.app */ = {isa = PBXFileReference; explicitFileType = wrapper.application; includeInIndex = 0; path = Dandle.app; sourceTree = BUILT_PRODUCTS_DIR; };
		EFD8AD492ACCEACA00110388 /* DandleApp.swift */ = {isa = PBXFileReference; lastKnownFileType = sourcecode.swift; path = DandleApp.swift; sourceTree = "<group>"; };
		EFD8AD4B2ACCEACA00110388 /* ContentView.swift */ = {isa = PBXFileReference; lastKnownFileType = sourcecode.swift; path = ContentView.swift; sourceTree = "<group>"; };
		EFD8AD4D2ACCEACB00110388 /* Assets.xcassets */ = {isa = PBXFileReference; lastKnownFileType = folder.assetcatalog; path = Assets.xcassets; sourceTree = "<group>"; };
		EFD8AD502ACCEACB00110388 /* Preview Assets.xcassets */ = {isa = PBXFileReference; lastKnownFileType = folder.assetcatalog; path = "Preview Assets.xcassets"; sourceTree = "<group>"; };
		EFD8AD562ACCEACB00110388 /* DandleTests.xctest */ = {isa = PBXFileReference; explicitFileType = wrapper.cfbundle; includeInIndex = 0; path = DandleTests.xctest; sourceTree = BUILT_PRODUCTS_DIR; };
		EFD8AD5A2ACCEACB00110388 /* DandleTests.swift */ = {isa = PBXFileReference; lastKnownFileType = sourcecode.swift; path = DandleTests.swift; sourceTree = "<group>"; };
		EFD8AD602ACCEACB00110388 /* DandleUITests.xctest */ = {isa = PBXFileReference; explicitFileType = wrapper.cfbundle; includeInIndex = 0; path = DandleUITests.xctest; sourceTree = BUILT_PRODUCTS_DIR; };
		EFD8AD642ACCEACB00110388 /* DandleUITests.swift */ = {isa = PBXFileReference; lastKnownFileType = sourcecode.swift; path = DandleUITests.swift; sourceTree = "<group>"; };
		EFD8AD662ACCEACB00110388 /* DandleUITestsLaunchTests.swift */ = {isa = PBXFileReference; lastKnownFileType = sourcecode.swift; path = DandleUITestsLaunchTests.swift; sourceTree = "<group>"; };
/* End PBXFileReference section */

/* Begin PBXFrameworksBuildPhase section */
		EFD8AD432ACCEACA00110388 /* Frameworks */ = {
			isa = PBXFrameworksBuildPhase;
			buildActionMask = 2147483647;
			files = (
				5800CE1A2C1BCCE100A71D6F /* ComposableArchitecture in Frameworks */,
			);
			runOnlyForDeploymentPostprocessing = 0;
		};
		EFD8AD532ACCEACB00110388 /* Frameworks */ = {
			isa = PBXFrameworksBuildPhase;
			buildActionMask = 2147483647;
			files = (
			);
			runOnlyForDeploymentPostprocessing = 0;
		};
		EFD8AD5D2ACCEACB00110388 /* Frameworks */ = {
			isa = PBXFrameworksBuildPhase;
			buildActionMask = 2147483647;
			files = (
			);
			runOnlyForDeploymentPostprocessing = 0;
		};
/* End PBXFrameworksBuildPhase section */

/* Begin PBXGroup section */
		5800CE1B2C1BCD8C00A71D6F /* Source */ = {
			isa = PBXGroup;
			children = (
				5800CE1D2C1BCDBF00A71D6F /* Application */,
				5800CE1F2C1BCDF800A71D6F /* Data */,
				5800CE202C1BCDFD00A71D6F /* Domain */,
				5800CE1E2C1BCDD600A71D6F /* Presentation */,
			);
			path = Source;
			sourceTree = "<group>";
		};
		5800CE1C2C1BCD9600A71D6F /* Resource */ = {
			isa = PBXGroup;
			children = (
				EFD8AD4F2ACCEACB00110388 /* Preview Content */,
				EFD8AD4D2ACCEACB00110388 /* Assets.xcassets */,
				6D604DAE2C18CB8500E93C60 /* Info.plist */,
			);
			path = Resource;
			sourceTree = "<group>";
		};
		5800CE1D2C1BCDBF00A71D6F /* Application */ = {
			isa = PBXGroup;
			children = (
				EFD8AD492ACCEACA00110388 /* DandleApp.swift */,
			);
			path = Application;
			sourceTree = "<group>";
		};
		5800CE1E2C1BCDD600A71D6F /* Presentation */ = {
			isa = PBXGroup;
			children = (
				EFD8AD4B2ACCEACA00110388 /* ContentView.swift */,
				6D604DA72C18C58E00E93C60 /* View */,
				6D604DAF2C18D45300E93C60 /* Keys */,
			);
			path = Presentation;
			sourceTree = "<group>";
		};
		5800CE1F2C1BCDF800A71D6F /* Data */ = {
			isa = PBXGroup;
			children = (
				6D9965CA2C1C6204009F2DB0 /* DataSource */,
				6D9965C72C1C61A1009F2DB0 /* RepositoryImpl */,
				5800CE212C1BCEF600A71D6F /* Network */,
			);
			path = Data;
			sourceTree = "<group>";
		};
		5800CE202C1BCDFD00A71D6F /* Domain */ = {
			isa = PBXGroup;
			children = (
				6D9965CF2C1C80B7009F2DB0 /* UseCase */,
				6D9965BF2C1C5D76009F2DB0 /* Repository */,
				6D604D9C2C18C33A00E93C60 /* Model */,
			);
			path = Domain;
			sourceTree = "<group>";
		};
		5800CE212C1BCEF600A71D6F /* Network */ = {
			isa = PBXGroup;
			children = (
				6D9965C22C1C6006009F2DB0 /* API */,
				5800CE222C1BCF9B00A71D6F /* Remote */,
			);
			path = Network;
			sourceTree = "<group>";
		};
		5800CE222C1BCF9B00A71D6F /* Remote */ = {
			isa = PBXGroup;
			children = (
				5800CE232C1BCFBD00A71D6F /* DanDRemote.swift */,
				6D9965C52C1C615B009F2DB0 /* VideoDiaryRemote.swift */,
			);
			path = Remote;
			sourceTree = "<group>";
		};
		6D604D9C2C18C33A00E93C60 /* Model */ = {
			isa = PBXGroup;
			children = (
				6D604D9D2C18C34400E93C60 /* Reel.swift */,
				6D604DA52C18C4C500E93C60 /* Like.swift */,
			);
			path = Model;
			sourceTree = "<group>";
		};
		6D604D9F2C18C45100E93C60 /* Videos */ = {
			isa = PBXGroup;
			children = (
				6D604DA12C18C46100E93C60 /* reel1.mp4 */,
				6D604DA42C18C46100E93C60 /* reel2.mp4 */,
				6D604DA22C18C46100E93C60 /* reel3.mp4 */,
				6D604DA32C18C46100E93C60 /* reel4.mp4 */,
				6D604DA02C18C46100E93C60 /* reel5.mp4 */,
			);
			path = Videos;
			sourceTree = "<group>";
		};
		6D604DA72C18C58E00E93C60 /* View */ = {
			isa = PBXGroup;
			children = (
				6D604DA82C18C59500E93C60 /* Home.swift */,
				6D604DAA2C18C7EE00E93C60 /* ReelView.swift */,
				6D604DAC2C18C83F00E93C60 /* CustomVideoPlayer.swift */,
			);
			path = View;
			sourceTree = "<group>";
		};
		6D604DAF2C18D45300E93C60 /* Keys */ = {
			isa = PBXGroup;
			children = (
				6D604DB02C18D46600E93C60 /* OffsetKey.swift */,
			);
			path = Keys;
			sourceTree = "<group>";
		};
		6D9965BF2C1C5D76009F2DB0 /* Repository */ = {
			isa = PBXGroup;
			children = (
				6D9965C02C1C5E0D009F2DB0 /* VideoDiaryRepository.swift */,
			);
			path = Repository;
			sourceTree = "<group>";
		};
		6D9965C22C1C6006009F2DB0 /* API */ = {
			isa = PBXGroup;
			children = (
				6D9965C32C1C6041009F2DB0 /* VideoDiaryAPI.swift */,
			);
			path = API;
			sourceTree = "<group>";
		};
		6D9965C72C1C61A1009F2DB0 /* RepositoryImpl */ = {
			isa = PBXGroup;
			children = (
				6D9965C82C1C61BF009F2DB0 /* VideoDiaryRepositoryImpl.swift */,
			);
			path = RepositoryImpl;
			sourceTree = "<group>";
		};
		6D9965CA2C1C6204009F2DB0 /* DataSource */ = {
			isa = PBXGroup;
			children = (
				6D9965CB2C1C622C009F2DB0 /* DanDDataSource.swift */,
				6D9965CD2C1C6261009F2DB0 /* VideoDiaryDataSource.swift */,
			);
			path = DataSource;
			sourceTree = "<group>";
		};
		6D9965CF2C1C80B7009F2DB0 /* UseCase */ = {
			isa = PBXGroup;
			children = (
			);
			path = UseCase;
			sourceTree = "<group>";
		};
		EFD8AD3D2ACCEACA00110388 = {
			isa = PBXGroup;
			children = (
				6D604D9F2C18C45100E93C60 /* Videos */,
				EFD8AD482ACCEACA00110388 /* Dandle */,
				EFD8AD592ACCEACB00110388 /* DandleTests */,
				EFD8AD632ACCEACB00110388 /* DandleUITests */,
				EFD8AD472ACCEACA00110388 /* Products */,
			);
			sourceTree = "<group>";
		};
		EFD8AD472ACCEACA00110388 /* Products */ = {
			isa = PBXGroup;
			children = (
				EFD8AD462ACCEACA00110388 /* Dandle.app */,
				EFD8AD562ACCEACB00110388 /* DandleTests.xctest */,
				EFD8AD602ACCEACB00110388 /* DandleUITests.xctest */,
			);
			name = Products;
			sourceTree = "<group>";
		};
		EFD8AD482ACCEACA00110388 /* Dandle */ = {
			isa = PBXGroup;
			children = (
				5800CE1B2C1BCD8C00A71D6F /* Source */,
				5800CE1C2C1BCD9600A71D6F /* Resource */,
			);
			path = Dandle;
			sourceTree = "<group>";
		};
		EFD8AD4F2ACCEACB00110388 /* Preview Content */ = {
			isa = PBXGroup;
			children = (
				EFD8AD502ACCEACB00110388 /* Preview Assets.xcassets */,
			);
			path = "Preview Content";
			sourceTree = "<group>";
		};
		EFD8AD592ACCEACB00110388 /* DandleTests */ = {
			isa = PBXGroup;
			children = (
				EFD8AD5A2ACCEACB00110388 /* DandleTests.swift */,
			);
			path = DandleTests;
			sourceTree = "<group>";
		};
		EFD8AD632ACCEACB00110388 /* DandleUITests */ = {
			isa = PBXGroup;
			children = (
				EFD8AD642ACCEACB00110388 /* DandleUITests.swift */,
				EFD8AD662ACCEACB00110388 /* DandleUITestsLaunchTests.swift */,
			);
			path = DandleUITests;
			sourceTree = "<group>";
		};
/* End PBXGroup section */

/* Begin PBXNativeTarget section */
		EFD8AD452ACCEACA00110388 /* Dandle */ = {
			isa = PBXNativeTarget;
			buildConfigurationList = EFD8AD6A2ACCEACB00110388 /* Build configuration list for PBXNativeTarget "Dandle" */;
			buildPhases = (
				EFD8AD422ACCEACA00110388 /* Sources */,
				EFD8AD432ACCEACA00110388 /* Frameworks */,
				EFD8AD442ACCEACA00110388 /* Resources */,
			);
			buildRules = (
			);
			dependencies = (
			);
			name = Dandle;
			packageProductDependencies = (
				5800CE192C1BCCE100A71D6F /* ComposableArchitecture */,
			);
			productName = Dandle;
			productReference = EFD8AD462ACCEACA00110388 /* Dandle.app */;
			productType = "com.apple.product-type.application";
		};
		EFD8AD552ACCEACB00110388 /* DandleTests */ = {
			isa = PBXNativeTarget;
			buildConfigurationList = EFD8AD6D2ACCEACB00110388 /* Build configuration list for PBXNativeTarget "DandleTests" */;
			buildPhases = (
				EFD8AD522ACCEACB00110388 /* Sources */,
				EFD8AD532ACCEACB00110388 /* Frameworks */,
				EFD8AD542ACCEACB00110388 /* Resources */,
			);
			buildRules = (
			);
			dependencies = (
				EFD8AD582ACCEACB00110388 /* PBXTargetDependency */,
			);
			name = DandleTests;
			productName = DandleTests;
			productReference = EFD8AD562ACCEACB00110388 /* DandleTests.xctest */;
			productType = "com.apple.product-type.bundle.unit-test";
		};
		EFD8AD5F2ACCEACB00110388 /* DandleUITests */ = {
			isa = PBXNativeTarget;
			buildConfigurationList = EFD8AD702ACCEACB00110388 /* Build configuration list for PBXNativeTarget "DandleUITests" */;
			buildPhases = (
				EFD8AD5C2ACCEACB00110388 /* Sources */,
				EFD8AD5D2ACCEACB00110388 /* Frameworks */,
				EFD8AD5E2ACCEACB00110388 /* Resources */,
			);
			buildRules = (
			);
			dependencies = (
				EFD8AD622ACCEACB00110388 /* PBXTargetDependency */,
			);
			name = DandleUITests;
			productName = DandleUITests;
			productReference = EFD8AD602ACCEACB00110388 /* DandleUITests.xctest */;
			productType = "com.apple.product-type.bundle.ui-testing";
		};
/* End PBXNativeTarget section */

/* Begin PBXProject section */
		EFD8AD3E2ACCEACA00110388 /* Project object */ = {
			isa = PBXProject;
			attributes = {
				BuildIndependentTargetsInParallel = 1;
				LastSwiftUpdateCheck = 1430;
				LastUpgradeCheck = 1520;
				TargetAttributes = {
					EFD8AD452ACCEACA00110388 = {
						CreatedOnToolsVersion = 14.3.1;
					};
					EFD8AD552ACCEACB00110388 = {
						CreatedOnToolsVersion = 14.3.1;
						TestTargetID = EFD8AD452ACCEACA00110388;
					};
					EFD8AD5F2ACCEACB00110388 = {
						CreatedOnToolsVersion = 14.3.1;
						TestTargetID = EFD8AD452ACCEACA00110388;
					};
				};
			};
			buildConfigurationList = EFD8AD412ACCEACA00110388 /* Build configuration list for PBXProject "Dandle" */;
			compatibilityVersion = "Xcode 14.0";
			developmentRegion = en;
			hasScannedForEncodings = 0;
			knownRegions = (
				en,
				Base,
			);
			mainGroup = EFD8AD3D2ACCEACA00110388;
			packageReferences = (
				5800CE182C1BCCE100A71D6F /* XCRemoteSwiftPackageReference "swift-composable-architecture" */,
				5800CE252C1BD0F800A71D6F /* XCRemoteSwiftPackageReference "Moya" */,
			);
			productRefGroup = EFD8AD472ACCEACA00110388 /* Products */;
			projectDirPath = "";
			projectRoot = "";
			targets = (
				EFD8AD452ACCEACA00110388 /* Dandle */,
				EFD8AD552ACCEACB00110388 /* DandleTests */,
				EFD8AD5F2ACCEACB00110388 /* DandleUITests */,
			);
		};
/* End PBXProject section */

/* Begin PBXResourcesBuildPhase section */
		EFD8AD442ACCEACA00110388 /* Resources */ = {
			isa = PBXResourcesBuildPhase;
			buildActionMask = 2147483647;
			files = (
				6D604DB22C18D80800E93C60 /* reel1.mp4 in Resources */,
				6D604DB32C18D80800E93C60 /* reel2.mp4 in Resources */,
				6D604DB42C18D80800E93C60 /* reel3.mp4 in Resources */,
				6D604DB52C18D80800E93C60 /* reel4.mp4 in Resources */,
				6D604DB62C18D80800E93C60 /* reel5.mp4 in Resources */,
				EFD8AD512ACCEACB00110388 /* Preview Assets.xcassets in Resources */,
				EFD8AD4E2ACCEACB00110388 /* Assets.xcassets in Resources */,
			);
			runOnlyForDeploymentPostprocessing = 0;
		};
		EFD8AD542ACCEACB00110388 /* Resources */ = {
			isa = PBXResourcesBuildPhase;
			buildActionMask = 2147483647;
			files = (
			);
			runOnlyForDeploymentPostprocessing = 0;
		};
		EFD8AD5E2ACCEACB00110388 /* Resources */ = {
			isa = PBXResourcesBuildPhase;
			buildActionMask = 2147483647;
			files = (
			);
			runOnlyForDeploymentPostprocessing = 0;
		};
/* End PBXResourcesBuildPhase section */

/* Begin PBXSourcesBuildPhase section */
		EFD8AD422ACCEACA00110388 /* Sources */ = {
			isa = PBXSourcesBuildPhase;
			buildActionMask = 2147483647;
			files = (
				6D9965C42C1C6041009F2DB0 /* VideoDiaryAPI.swift in Sources */,
				6D9965C92C1C61BF009F2DB0 /* VideoDiaryRepositoryImpl.swift in Sources */,
				6D604DAD2C18C83F00E93C60 /* CustomVideoPlayer.swift in Sources */,
				6D604DAB2C18C7EE00E93C60 /* ReelView.swift in Sources */,
				6D604DB12C18D46600E93C60 /* OffsetKey.swift in Sources */,
				6D9965C12C1C5E0D009F2DB0 /* VideoDiaryRepository.swift in Sources */,
				6D9965CE2C1C6261009F2DB0 /* VideoDiaryDataSource.swift in Sources */,
				EFD8AD4C2ACCEACA00110388 /* ContentView.swift in Sources */,
				6D604D9E2C18C34400E93C60 /* Reel.swift in Sources */,
				6D604DA92C18C59500E93C60 /* Home.swift in Sources */,
				6D604DA62C18C4C500E93C60 /* Like.swift in Sources */,
				6D9965C62C1C615B009F2DB0 /* VideoDiaryRemote.swift in Sources */,
				5800CE242C1BCFBD00A71D6F /* DanDRemote.swift in Sources */,
				EFD8AD4A2ACCEACA00110388 /* DandleApp.swift in Sources */,
				6D9965CC2C1C622C009F2DB0 /* DanDDataSource.swift in Sources */,
			);
			runOnlyForDeploymentPostprocessing = 0;
		};
		EFD8AD522ACCEACB00110388 /* Sources */ = {
			isa = PBXSourcesBuildPhase;
			buildActionMask = 2147483647;
			files = (
				EFD8AD5B2ACCEACB00110388 /* DandleTests.swift in Sources */,
			);
			runOnlyForDeploymentPostprocessing = 0;
		};
		EFD8AD5C2ACCEACB00110388 /* Sources */ = {
			isa = PBXSourcesBuildPhase;
			buildActionMask = 2147483647;
			files = (
				EFD8AD672ACCEACB00110388 /* DandleUITestsLaunchTests.swift in Sources */,
				EFD8AD652ACCEACB00110388 /* DandleUITests.swift in Sources */,
			);
			runOnlyForDeploymentPostprocessing = 0;
		};
/* End PBXSourcesBuildPhase section */

/* Begin PBXTargetDependency section */
		EFD8AD582ACCEACB00110388 /* PBXTargetDependency */ = {
			isa = PBXTargetDependency;
			target = EFD8AD452ACCEACA00110388 /* Dandle */;
			targetProxy = EFD8AD572ACCEACB00110388 /* PBXContainerItemProxy */;
		};
		EFD8AD622ACCEACB00110388 /* PBXTargetDependency */ = {
			isa = PBXTargetDependency;
			target = EFD8AD452ACCEACA00110388 /* Dandle */;
			targetProxy = EFD8AD612ACCEACB00110388 /* PBXContainerItemProxy */;
		};
/* End PBXTargetDependency section */

/* Begin XCBuildConfiguration section */
		EFD8AD682ACCEACB00110388 /* Debug */ = {
			isa = XCBuildConfiguration;
			buildSettings = {
				ALWAYS_SEARCH_USER_PATHS = NO;
				CLANG_ANALYZER_NONNULL = YES;
				CLANG_ANALYZER_NUMBER_OBJECT_CONVERSION = YES_AGGRESSIVE;
				CLANG_CXX_LANGUAGE_STANDARD = "gnu++20";
				CLANG_ENABLE_MODULES = YES;
				CLANG_ENABLE_OBJC_ARC = YES;
				CLANG_ENABLE_OBJC_WEAK = YES;
				CLANG_WARN_BLOCK_CAPTURE_AUTORELEASING = YES;
				CLANG_WARN_BOOL_CONVERSION = YES;
				CLANG_WARN_COMMA = YES;
				CLANG_WARN_CONSTANT_CONVERSION = YES;
				CLANG_WARN_DEPRECATED_OBJC_IMPLEMENTATIONS = YES;
				CLANG_WARN_DIRECT_OBJC_ISA_USAGE = YES_ERROR;
				CLANG_WARN_DOCUMENTATION_COMMENTS = YES;
				CLANG_WARN_EMPTY_BODY = YES;
				CLANG_WARN_ENUM_CONVERSION = YES;
				CLANG_WARN_INFINITE_RECURSION = YES;
				CLANG_WARN_INT_CONVERSION = YES;
				CLANG_WARN_NON_LITERAL_NULL_CONVERSION = YES;
				CLANG_WARN_OBJC_IMPLICIT_RETAIN_SELF = YES;
				CLANG_WARN_OBJC_LITERAL_CONVERSION = YES;
				CLANG_WARN_OBJC_ROOT_CLASS = YES_ERROR;
				CLANG_WARN_QUOTED_INCLUDE_IN_FRAMEWORK_HEADER = YES;
				CLANG_WARN_RANGE_LOOP_ANALYSIS = YES;
				CLANG_WARN_STRICT_PROTOTYPES = YES;
				CLANG_WARN_SUSPICIOUS_MOVE = YES;
				CLANG_WARN_UNGUARDED_AVAILABILITY = YES_AGGRESSIVE;
				CLANG_WARN_UNREACHABLE_CODE = YES;
				CLANG_WARN__DUPLICATE_METHOD_MATCH = YES;
				COPY_PHASE_STRIP = NO;
				DEBUG_INFORMATION_FORMAT = dwarf;
				ENABLE_STRICT_OBJC_MSGSEND = YES;
				ENABLE_TESTABILITY = YES;
				ENABLE_USER_SCRIPT_SANDBOXING = YES;
				GCC_C_LANGUAGE_STANDARD = gnu11;
				GCC_DYNAMIC_NO_PIC = NO;
				GCC_NO_COMMON_BLOCKS = YES;
				GCC_OPTIMIZATION_LEVEL = 0;
				GCC_PREPROCESSOR_DEFINITIONS = (
					"DEBUG=1",
					"$(inherited)",
				);
				GCC_WARN_64_TO_32_BIT_CONVERSION = YES;
				GCC_WARN_ABOUT_RETURN_TYPE = YES_ERROR;
				GCC_WARN_UNDECLARED_SELECTOR = YES;
				GCC_WARN_UNINITIALIZED_AUTOS = YES_AGGRESSIVE;
				GCC_WARN_UNUSED_FUNCTION = YES;
				GCC_WARN_UNUSED_VARIABLE = YES;
				IPHONEOS_DEPLOYMENT_TARGET = 17.0;
				MTL_ENABLE_DEBUG_INFO = INCLUDE_SOURCE;
				MTL_FAST_MATH = YES;
				ONLY_ACTIVE_ARCH = YES;
				SDKROOT = iphoneos;
				SWIFT_ACTIVE_COMPILATION_CONDITIONS = DEBUG;
				SWIFT_OPTIMIZATION_LEVEL = "-Onone";
			};
			name = Debug;
		};
		EFD8AD692ACCEACB00110388 /* Release */ = {
			isa = XCBuildConfiguration;
			buildSettings = {
				ALWAYS_SEARCH_USER_PATHS = NO;
				CLANG_ANALYZER_NONNULL = YES;
				CLANG_ANALYZER_NUMBER_OBJECT_CONVERSION = YES_AGGRESSIVE;
				CLANG_CXX_LANGUAGE_STANDARD = "gnu++20";
				CLANG_ENABLE_MODULES = YES;
				CLANG_ENABLE_OBJC_ARC = YES;
				CLANG_ENABLE_OBJC_WEAK = YES;
				CLANG_WARN_BLOCK_CAPTURE_AUTORELEASING = YES;
				CLANG_WARN_BOOL_CONVERSION = YES;
				CLANG_WARN_COMMA = YES;
				CLANG_WARN_CONSTANT_CONVERSION = YES;
				CLANG_WARN_DEPRECATED_OBJC_IMPLEMENTATIONS = YES;
				CLANG_WARN_DIRECT_OBJC_ISA_USAGE = YES_ERROR;
				CLANG_WARN_DOCUMENTATION_COMMENTS = YES;
				CLANG_WARN_EMPTY_BODY = YES;
				CLANG_WARN_ENUM_CONVERSION = YES;
				CLANG_WARN_INFINITE_RECURSION = YES;
				CLANG_WARN_INT_CONVERSION = YES;
				CLANG_WARN_NON_LITERAL_NULL_CONVERSION = YES;
				CLANG_WARN_OBJC_IMPLICIT_RETAIN_SELF = YES;
				CLANG_WARN_OBJC_LITERAL_CONVERSION = YES;
				CLANG_WARN_OBJC_ROOT_CLASS = YES_ERROR;
				CLANG_WARN_QUOTED_INCLUDE_IN_FRAMEWORK_HEADER = YES;
				CLANG_WARN_RANGE_LOOP_ANALYSIS = YES;
				CLANG_WARN_STRICT_PROTOTYPES = YES;
				CLANG_WARN_SUSPICIOUS_MOVE = YES;
				CLANG_WARN_UNGUARDED_AVAILABILITY = YES_AGGRESSIVE;
				CLANG_WARN_UNREACHABLE_CODE = YES;
				CLANG_WARN__DUPLICATE_METHOD_MATCH = YES;
				COPY_PHASE_STRIP = NO;
				DEBUG_INFORMATION_FORMAT = "dwarf-with-dsym";
				ENABLE_NS_ASSERTIONS = NO;
				ENABLE_STRICT_OBJC_MSGSEND = YES;
				ENABLE_USER_SCRIPT_SANDBOXING = YES;
				GCC_C_LANGUAGE_STANDARD = gnu11;
				GCC_NO_COMMON_BLOCKS = YES;
				GCC_WARN_64_TO_32_BIT_CONVERSION = YES;
				GCC_WARN_ABOUT_RETURN_TYPE = YES_ERROR;
				GCC_WARN_UNDECLARED_SELECTOR = YES;
				GCC_WARN_UNINITIALIZED_AUTOS = YES_AGGRESSIVE;
				GCC_WARN_UNUSED_FUNCTION = YES;
				GCC_WARN_UNUSED_VARIABLE = YES;
				IPHONEOS_DEPLOYMENT_TARGET = 17.0;
				MTL_ENABLE_DEBUG_INFO = NO;
				MTL_FAST_MATH = YES;
				SDKROOT = iphoneos;
				SWIFT_COMPILATION_MODE = wholemodule;
				SWIFT_OPTIMIZATION_LEVEL = "-O";
				VALIDATE_PRODUCT = YES;
			};
			name = Release;
		};
		EFD8AD6B2ACCEACB00110388 /* Debug */ = {
			isa = XCBuildConfiguration;
			buildSettings = {
				ASSETCATALOG_COMPILER_APPICON_NAME = AppIcon;
				ASSETCATALOG_COMPILER_GLOBAL_ACCENT_COLOR_NAME = AccentColor;
				CODE_SIGN_STYLE = Automatic;
				CURRENT_PROJECT_VERSION = 1;
				DEVELOPMENT_ASSET_PATHS = "\"Dandle/Preview Content\"";
				DEVELOPMENT_TEAM = QK59NUDY27;
				ENABLE_PREVIEWS = YES;
				GENERATE_INFOPLIST_FILE = YES;
				INFOPLIST_FILE = Dandle/Info.plist;
				INFOPLIST_KEY_LSApplicationCategoryType = "public.app-category.lifestyle";
				INFOPLIST_KEY_UIApplicationSceneManifest_Generation = YES;
				INFOPLIST_KEY_UIApplicationSupportsIndirectInputEvents = YES;
				INFOPLIST_KEY_UILaunchScreen_Generation = YES;
				INFOPLIST_KEY_UISupportedInterfaceOrientations_iPad = "UIInterfaceOrientationPortrait UIInterfaceOrientationPortraitUpsideDown UIInterfaceOrientationLandscapeLeft UIInterfaceOrientationLandscapeRight";
				INFOPLIST_KEY_UISupportedInterfaceOrientations_iPhone = "UIInterfaceOrientationPortrait UIInterfaceOrientationLandscapeLeft UIInterfaceOrientationLandscapeRight";
				LD_RUNPATH_SEARCH_PATHS = (
					"$(inherited)",
					"@executable_path/Frameworks",
				);
				MARKETING_VERSION = 1.0;
				PRODUCT_BUNDLE_IDENTIFIER = com.sangau.Dandle;
				PRODUCT_NAME = "$(TARGET_NAME)";
				SWIFT_EMIT_LOC_STRINGS = YES;
				SWIFT_VERSION = 5.0;
				TARGETED_DEVICE_FAMILY = "1,2";
			};
			name = Debug;
		};
		EFD8AD6C2ACCEACB00110388 /* Release */ = {
			isa = XCBuildConfiguration;
			buildSettings = {
				ASSETCATALOG_COMPILER_APPICON_NAME = AppIcon;
				ASSETCATALOG_COMPILER_GLOBAL_ACCENT_COLOR_NAME = AccentColor;
				CODE_SIGN_STYLE = Automatic;
				CURRENT_PROJECT_VERSION = 1;
				DEVELOPMENT_ASSET_PATHS = "\"Dandle/Preview Content\"";
				DEVELOPMENT_TEAM = QK59NUDY27;
				ENABLE_PREVIEWS = YES;
				GENERATE_INFOPLIST_FILE = YES;
				INFOPLIST_FILE = Dandle/Info.plist;
				INFOPLIST_KEY_LSApplicationCategoryType = "public.app-category.lifestyle";
				INFOPLIST_KEY_UIApplicationSceneManifest_Generation = YES;
				INFOPLIST_KEY_UIApplicationSupportsIndirectInputEvents = YES;
				INFOPLIST_KEY_UILaunchScreen_Generation = YES;
				INFOPLIST_KEY_UISupportedInterfaceOrientations_iPad = "UIInterfaceOrientationPortrait UIInterfaceOrientationPortraitUpsideDown UIInterfaceOrientationLandscapeLeft UIInterfaceOrientationLandscapeRight";
				INFOPLIST_KEY_UISupportedInterfaceOrientations_iPhone = "UIInterfaceOrientationPortrait UIInterfaceOrientationLandscapeLeft UIInterfaceOrientationLandscapeRight";
				LD_RUNPATH_SEARCH_PATHS = (
					"$(inherited)",
					"@executable_path/Frameworks",
				);
				MARKETING_VERSION = 1.0;
				PRODUCT_BUNDLE_IDENTIFIER = com.sangau.Dandle;
				PRODUCT_NAME = "$(TARGET_NAME)";
				SWIFT_EMIT_LOC_STRINGS = YES;
				SWIFT_VERSION = 5.0;
				TARGETED_DEVICE_FAMILY = "1,2";
			};
			name = Release;
		};
		EFD8AD6E2ACCEACB00110388 /* Debug */ = {
			isa = XCBuildConfiguration;
			buildSettings = {
				ALWAYS_EMBED_SWIFT_STANDARD_LIBRARIES = YES;
				BUNDLE_LOADER = "$(TEST_HOST)";
				CODE_SIGN_STYLE = Automatic;
				CURRENT_PROJECT_VERSION = 1;
				DEVELOPMENT_TEAM = MA35V5PR3U;
				GENERATE_INFOPLIST_FILE = YES;
				IPHONEOS_DEPLOYMENT_TARGET = 16.4;
				MARKETING_VERSION = 1.0;
				PRODUCT_BUNDLE_IDENTIFIER = com.sangau.DandleTests;
				PRODUCT_NAME = "$(TARGET_NAME)";
				SWIFT_EMIT_LOC_STRINGS = NO;
				SWIFT_VERSION = 5.0;
				TARGETED_DEVICE_FAMILY = "1,2";
				TEST_HOST = "$(BUILT_PRODUCTS_DIR)/Dandle.app/$(BUNDLE_EXECUTABLE_FOLDER_PATH)/Dandle";
			};
			name = Debug;
		};
		EFD8AD6F2ACCEACB00110388 /* Release */ = {
			isa = XCBuildConfiguration;
			buildSettings = {
				ALWAYS_EMBED_SWIFT_STANDARD_LIBRARIES = YES;
				BUNDLE_LOADER = "$(TEST_HOST)";
				CODE_SIGN_STYLE = Automatic;
				CURRENT_PROJECT_VERSION = 1;
				DEVELOPMENT_TEAM = MA35V5PR3U;
				GENERATE_INFOPLIST_FILE = YES;
				IPHONEOS_DEPLOYMENT_TARGET = 16.4;
				MARKETING_VERSION = 1.0;
				PRODUCT_BUNDLE_IDENTIFIER = com.sangau.DandleTests;
				PRODUCT_NAME = "$(TARGET_NAME)";
				SWIFT_EMIT_LOC_STRINGS = NO;
				SWIFT_VERSION = 5.0;
				TARGETED_DEVICE_FAMILY = "1,2";
				TEST_HOST = "$(BUILT_PRODUCTS_DIR)/Dandle.app/$(BUNDLE_EXECUTABLE_FOLDER_PATH)/Dandle";
			};
			name = Release;
		};
		EFD8AD712ACCEACB00110388 /* Debug */ = {
			isa = XCBuildConfiguration;
			buildSettings = {
				ALWAYS_EMBED_SWIFT_STANDARD_LIBRARIES = YES;
				CODE_SIGN_STYLE = Automatic;
				CURRENT_PROJECT_VERSION = 1;
				DEVELOPMENT_TEAM = MA35V5PR3U;
				GENERATE_INFOPLIST_FILE = YES;
				MARKETING_VERSION = 1.0;
				PRODUCT_BUNDLE_IDENTIFIER = com.sangau.DandleUITests;
				PRODUCT_NAME = "$(TARGET_NAME)";
				SWIFT_EMIT_LOC_STRINGS = NO;
				SWIFT_VERSION = 5.0;
				TARGETED_DEVICE_FAMILY = "1,2";
				TEST_TARGET_NAME = Dandle;
			};
			name = Debug;
		};
		EFD8AD722ACCEACB00110388 /* Release */ = {
			isa = XCBuildConfiguration;
			buildSettings = {
				ALWAYS_EMBED_SWIFT_STANDARD_LIBRARIES = YES;
				CODE_SIGN_STYLE = Automatic;
				CURRENT_PROJECT_VERSION = 1;
				DEVELOPMENT_TEAM = MA35V5PR3U;
				GENERATE_INFOPLIST_FILE = YES;
				MARKETING_VERSION = 1.0;
				PRODUCT_BUNDLE_IDENTIFIER = com.sangau.DandleUITests;
				PRODUCT_NAME = "$(TARGET_NAME)";
				SWIFT_EMIT_LOC_STRINGS = NO;
				SWIFT_VERSION = 5.0;
				TARGETED_DEVICE_FAMILY = "1,2";
				TEST_TARGET_NAME = Dandle;
			};
			name = Release;
		};
/* End XCBuildConfiguration section */

/* Begin XCConfigurationList section */
		EFD8AD412ACCEACA00110388 /* Build configuration list for PBXProject "Dandle" */ = {
			isa = XCConfigurationList;
			buildConfigurations = (
				EFD8AD682ACCEACB00110388 /* Debug */,
				EFD8AD692ACCEACB00110388 /* Release */,
			);
			defaultConfigurationIsVisible = 0;
			defaultConfigurationName = Release;
		};
		EFD8AD6A2ACCEACB00110388 /* Build configuration list for PBXNativeTarget "Dandle" */ = {
			isa = XCConfigurationList;
			buildConfigurations = (
				EFD8AD6B2ACCEACB00110388 /* Debug */,
				EFD8AD6C2ACCEACB00110388 /* Release */,
			);
			defaultConfigurationIsVisible = 0;
			defaultConfigurationName = Release;
		};
		EFD8AD6D2ACCEACB00110388 /* Build configuration list for PBXNativeTarget "DandleTests" */ = {
			isa = XCConfigurationList;
			buildConfigurations = (
				EFD8AD6E2ACCEACB00110388 /* Debug */,
				EFD8AD6F2ACCEACB00110388 /* Release */,
			);
			defaultConfigurationIsVisible = 0;
			defaultConfigurationName = Release;
		};
		EFD8AD702ACCEACB00110388 /* Build configuration list for PBXNativeTarget "DandleUITests" */ = {
			isa = XCConfigurationList;
			buildConfigurations = (
				EFD8AD712ACCEACB00110388 /* Debug */,
				EFD8AD722ACCEACB00110388 /* Release */,
			);
			defaultConfigurationIsVisible = 0;
			defaultConfigurationName = Release;
		};
/* End XCConfigurationList section */

/* Begin XCRemoteSwiftPackageReference section */
		5800CE182C1BCCE100A71D6F /* XCRemoteSwiftPackageReference "swift-composable-architecture" */ = {
			isa = XCRemoteSwiftPackageReference;
			repositoryURL = "https://github.com/pointfreeco/swift-composable-architecture";
			requirement = {
				kind = upToNextMajorVersion;
				minimumVersion = 1.11.1;
			};
		};
		5800CE252C1BD0F800A71D6F /* XCRemoteSwiftPackageReference "Moya" */ = {
			isa = XCRemoteSwiftPackageReference;
			repositoryURL = "https://github.com/Moya/Moya";
			requirement = {
				kind = upToNextMajorVersion;
				minimumVersion = 15.0.3;
			};
		};
/* End XCRemoteSwiftPackageReference section */

/* Begin XCSwiftPackageProductDependency section */
		5800CE192C1BCCE100A71D6F /* ComposableArchitecture */ = {
			isa = XCSwiftPackageProductDependency;
			package = 5800CE182C1BCCE100A71D6F /* XCRemoteSwiftPackageReference "swift-composable-architecture" */;
			productName = ComposableArchitecture;
		};
/* End XCSwiftPackageProductDependency section */
	};
	rootObject = EFD8AD3E2ACCEACA00110388 /* Project object */;
}
